
Microsoft Visual Studio Solution File, Format Version 12.00
# Visual Studio Version 16
VisualStudioVersion = 16.0.30011.22
MinimumVisualStudioVersion = 10.0.40219.1
Project("{FAE04EC0-301F-11D3-BF4B-00C04F79EFBC}") = "AnonSender", "AnonSender.csproj", "{1E106464-7CC1-46E0-9BB6-3AD00A8C6055}"
EndProject
Global
	GlobalSection(SolutionConfigurationPlatforms) = preSolution
		Debug|Any CPU = Debug|Any CPU
		Release|Any CPU = Release|Any CPU
	EndGlobalSection
	GlobalSection(ProjectConfigurationPlatforms) = postSolution
		{1E106464-7CC1-46E0-9BB6-3AD00A8C6055}.Debug|Any CPU.ActiveCfg = Debug|Any CPU
		{1E106464-7CC1-46E0-9BB6-3AD00A8C6055}.Debug|Any CPU.Build.0 = Debug|Any CPU
		{1E106464-7CC1-46E0-9BB6-3AD00A8C6055}.Release|Any CPU.ActiveCfg = Release|Any CPU
		{1E106464-7CC1-46E0-9BB6-3AD00A8C6055}.Release|Any CPU.Build.0 = Release|Any CPU
	EndGlobalSection
	GlobalSection(SolutionProperties) = preSolution
		HideSolutionNode = FALSE
	EndGlobalSection
	GlobalSection(ExtensibilityGlobals) = postSolution
		SolutionGuid = {D62AA337-A018-4E17-B0A2-1AD1B1886F17}
	EndGlobalSection
EndGlobal
